<?xml version="1.0" encoding="utf-8"?>
<Project ToolsVersion="4.0" xmlns="http://schemas.microsoft.com/developer/msbuild/2003">
  <ItemGroup>
    <Filter Include="Source Files">
      <UniqueIdentifier>{4FC737F1-C7A5-4376-A066-2A32D752A2FF}</UniqueIdentifier>
      <Extensions>cpp;c;cc;cxx;c++;cppm;ixx;def;odl;idl;hpj;bat;asm;asmx</Extensions>
    </Filter>
    <Filter Include="Header Files">
      <UniqueIdentifier>{93995380-89BD-4b04-88EB-625FBE52EBFB}</UniqueIdentifier>
      <Extensions>h;hh;hpp;hxx;h++;hm;inl;inc;ipp;xsd</Extensions>
    </Filter>
    <Filter Include="Resource Files">
      <UniqueIdentifier>{67DA6AB6-F800-4c08-8B7A-83BB121AAD01}</UniqueIdentifier>
      <Extensions>rc;ico;cur;bmp;dlg;rc2;rct;bin;rgs;gif;jpg;jpeg;jpe;resx;tiff;tif;png;wav;mfcribbon-ms</Extensions>
    </Filter>
    <Filter Include="Source Files\imgui">
      <UniqueIdentifier>{5cb163e6-fcd6-4481-b505-b63a007c9078}</UniqueIdentifier>
    </Filter>
    <Filter Include="Header Files\imgui">
      <UniqueIdentifier>{196f6f9f-5f31-4793-8199-cd9512f578ae}</UniqueIdentifier>
    </Filter>
    <Filter Include="Source Files\ui">
      <UniqueIdentifier>{0af37bed-504e-4cfe-a0e8-83cd0b08ee77}</UniqueIdentifier>
    </Filter>
    <Filter Include="Source Files\objects">
      <UniqueIdentifier>{ae84951b-53c6-4806-af97-4db5dc3251cc}</UniqueIdentifier>
    </Filter>
    <Filter Include="Source Files\physics">
      <UniqueIdentifier>{5bbdd4e5-2702-4c37-9e9d-f01766c7d87b}</UniqueIdentifier>
    </Filter>
    <Filter Include="Source Files\io">
      <UniqueIdentifier>{38d7d42f-fa8c-4831-9ced-1e1f458c8e88}</UniqueIdentifier>
    </Filter>
    <Filter Include="Source Files\utils">
      <UniqueIdentifier>{ef65a311-4ec0-4302-a7c8-6df005cd42f1}</UniqueIdentifier>
    </Filter>
    <Filter Include="Source Files\assets">
      <UniqueIdentifier>{eafbb520-8b2c-4ad7-bf2d-6efabfc48d70}</UniqueIdentifier>
    </Filter>
    <Filter Include="Source Files\assets\textures">
      <UniqueIdentifier>{502eea68-0459-4ca8-b6a2-20fd84e45360}</UniqueIdentifier>
    </Filter>
    <Filter Include="Source Files\assets\objects">
      <UniqueIdentifier>{130fc476-a27c-4142-99bd-8c5624bb8e2f}</UniqueIdentifier>
    </Filter>
    <Filter Include="Source Files\effects">
      <UniqueIdentifier>{cf48d46d-512b-46c2-a373-ace7bee9f2c3}</UniqueIdentifier>
    </Filter>
    <Filter Include="Source Files\objectmanagers">
      <UniqueIdentifier>{f412ad2e-e7d2-4e7f-85a3-0fb574563a13}</UniqueIdentifier>
    </Filter>
  </ItemGroup>
  <ItemGroup>
    <ClCompile Include="glad.c">
      <Filter>Source Files</Filter>
    </ClCompile>
    <ClCompile Include="Main.cpp">
      <Filter>Source Files</Filter>
    </ClCompile>
    <ClCompile Include="imgui\imgui.cpp">
      <Filter>Source Files\imgui</Filter>
    </ClCompile>
    <ClCompile Include="imgui\imgui_demo.cpp">
      <Filter>Source Files\imgui</Filter>
    </ClCompile>
    <ClCompile Include="imgui\imgui_draw.cpp">
      <Filter>Source Files\imgui</Filter>
    </ClCompile>
    <ClCompile Include="imgui\imgui_impl_glfw.cpp">
      <Filter>Source Files\imgui</Filter>
    </ClCompile>
    <ClCompile Include="imgui\imgui_impl_opengl3.cpp">
      <Filter>Source Files\imgui</Filter>
    </ClCompile>
    <ClCompile Include="imgui\imgui_tables.cpp">
      <Filter>Source Files\imgui</Filter>
    </ClCompile>
    <ClCompile Include="imgui\imgui_widgets.cpp">
      <Filter>Source Files\imgui</Filter>
    </ClCompile>
    <ClCompile Include="Simulation.cpp">
      <Filter>Source Files</Filter>
    </ClCompile>
    <ClCompile Include="Planet.cpp">
      <Filter>Source Files\objects</Filter>
    </ClCompile>
    <ClCompile Include="Loader.cpp">
      <Filter>Source Files\utils</Filter>
    </ClCompile>
    <ClCompile Include="PlanetManager.cpp">
      <Filter>Source Files\objectmanagers</Filter>
    </ClCompile>
    <ClCompile Include="Star.cpp">
      <Filter>Source Files\objects</Filter>
    </ClCompile>
    <ClCompile Include="StarManager.cpp">
      <Filter>Source Files\objectmanagers</Filter>
    </ClCompile>
    <ClCompile Include="CelestialObject.cpp">
      <Filter>Source Files\objectmanagers</Filter>
    </ClCompile>
    <ClCompile Include="PhysicsEngine.cpp">
      <Filter>Source Files\physics</Filter>
    </ClCompile>
  </ItemGroup>
  <ItemGroup>
    <ClInclude Include="imgui\imconfig.h">
      <Filter>Header Files\imgui</Filter>
    </ClInclude>
    <ClInclude Include="imgui\imgui.h">
      <Filter>Header Files\imgui</Filter>
    </ClInclude>
    <ClInclude Include="imgui\imgui_impl_glfw.h">
      <Filter>Header Files\imgui</Filter>
    </ClInclude>
    <ClInclude Include="imgui\imgui_impl_opengl3.h">
      <Filter>Header Files\imgui</Filter>
    </ClInclude>
    <ClInclude Include="imgui\imgui_internal.h">
      <Filter>Header Files\imgui</Filter>
    </ClInclude>
    <ClInclude Include="imgui\imstb_rectpack.h">
      <Filter>Header Files\imgui</Filter>
    </ClInclude>
    <ClInclude Include="imgui\imstb_textedit.h">
      <Filter>Header Files\imgui</Filter>
    </ClInclude>
    <ClInclude Include="imgui\imstb_truetype.h">
      <Filter>Header Files\imgui</Filter>
    </ClInclude>
    <ClInclude Include="imgui\imgui_impl_opengl3_loader.h">
      <Filter>Header Files\imgui</Filter>
    </ClInclude>
    <ClInclude Include="Planet.h">
      <Filter>Source Files\objects</Filter>
    </ClInclude>
    <ClInclude Include="Loader.h">
      <Filter>Source Files\utils</Filter>
    </ClInclude>
    <ClInclude Include="PlanetManager.h">
      <Filter>Source Files\objectmanagers</Filter>
    </ClInclude>
    <ClInclude Include="Constants.h">
      <Filter>Source Files\utils</Filter>
    </ClInclude>
    <ClInclude Include="Star.h">
      <Filter>Source Files\objects</Filter>
    </ClInclude>
    <ClInclude Include="StarManager.h">
      <Filter>Source Files\objectmanagers</Filter>
    </ClInclude>
    <ClInclude Include="CelestialObject.h">
      <Filter>Source Files\objectmanagers</Filter>
    </ClInclude>
    <ClInclude Include="PhysicsEngine.h">
      <Filter>Source Files\physics</Filter>
    </ClInclude>
  </ItemGroup>
</Project>